{
  "name": "elasticsearch_benchmarks",
  "version": "1.0.0",
  "lockfileVersion": 1,
  "requires": true,
  "dependencies": {
    "dotenv": {
      "version": "8.2.0",
      "resolved": "https://registry.npmjs.org/dotenv/-/dotenv-8.2.0.tgz",
      "integrity": "sha512-8sJ78ElpbDJBHNeBzUbUVLsqKdccaa/BXF1uPTw3GrvQTBgrQrtObr2mUrE38vzYd8cEv+m/JBfDLioYcfXoaw=="
    },
    "object-path-get": {
      "version": "1.0.1",
      "resolved": "https://registry.npmjs.org/object-path-get/-/object-path-get-1.0.1.tgz",
      "integrity": "sha512-R+0GssWmvgjKoQNZHWOUCHcjbOJxrf+s+iLyDOpeY1Pfr9I3o8+PhVAcZGiPU0zG+pjC1169d6RGH7sUe1bFZA=="
    },
    "object-path-set": {
      "version": "1.0.1",
      "resolved": "https://registry.npmjs.org/object-path-set/-/object-path-set-1.0.1.tgz",
      "integrity": "sha512-D4pcwg+bkbHOG6zULZB6AF49xQP+1QGkeL0jMtU2eTRYORx4sYJRCczP3n98T2uI0Z4TvgjtwIOzjJNMv+VImA=="
    }
  }
}
